
Microsoft Visual Studio Solution File, Format Version 12.00
# Visual Studio Version 16
VisualStudioVersion = 16.0.29926.136
MinimumVisualStudioVersion = 10.0.40219.1
Project("{FAE04EC0-301F-11D3-BF4B-00C04F79EFBC}") = "Sweepstakes", "Sweepstakes\Sweepstakes.csproj", "{F176643D-01E9-4182-AB81-7078DB56C5EE}"
EndProject
Global
	GlobalSection(SolutionConfigurationPlatforms) = preSolution
		Debug|Any CPU = Debug|Any CPU
		Release|Any CPU = Release|Any CPU
	EndGlobalSection
	GlobalSection(ProjectConfigurationPlatforms) = postSolution
		{F176643D-01E9-4182-AB81-7078DB56C5EE}.Debug|Any CPU.ActiveCfg = Debug|Any CPU
		{F176643D-01E9-4182-AB81-7078DB56C5EE}.Debug|Any CPU.Build.0 = Debug|Any CPU
		{F176643D-01E9-4182-AB81-7078DB56C5EE}.Release|Any CPU.ActiveCfg = Release|Any CPU
		{F176643D-01E9-4182-AB81-7078DB56C5EE}.Release|Any CPU.Build.0 = Release|Any CPU
	EndGlobalSection
	GlobalSection(SolutionProperties) = preSolution
		HideSolutionNode = FALSE
	EndGlobalSection
	GlobalSection(ExtensibilityGlobals) = postSolution
		SolutionGuid = {0AD926F8-7A30-4B4B-8C0E-F8EF8121A975}
	EndGlobalSection
EndGlobal
